{
  "version": 4,
  "terraform_version": "1.12.0",
  "serial": 34,
  "lineage": "fe828427-2afb-6e42-e7a5-e42f49081e72",
  "outputs": {},
  "resources": [
    {
      "mode": "managed",
      "type": "azurerm_resource_group",
      "name": "rgdetails",
      "provider": "provider[\"registry.terraform.io/hashicorp/azurerm\"]",
      "instances": [
        {
          "schema_version": 0,
          "attributes": {
            "id": "/subscriptions/4dc3faf0-d4bf-4d7c-9dfb-957fb6e4d45d/resourceGroups/Terraform-RG",
            "location": "centralindia",
            "managed_by": "",
            "name": "Terraform-RG",
            "tags": null,
            "timeouts": null
          },
          "sensitive_attributes": [],
          "identity_schema_version": 0,
          "private": "eyJlMmJmYjczMC1lY2FhLTExZTYtOGY4OC0zNDM2M2JjN2M0YzAiOnsiY3JlYXRlIjo1NDAwMDAwMDAwMDAwLCJkZWxldGUiOjU0MDAwMDAwMDAwMDAsInJlYWQiOjMwMDAwMDAwMDAwMCwidXBkYXRlIjo1NDAwMDAwMDAwMDAwfX0="
        }
      ]
    },
    {
      "mode": "managed",
      "type": "azurerm_storage_account",
      "name": "storagedetails",
      "provider": "provider[\"registry.terraform.io/hashicorp/azurerm\"]",
      "instances": [
        {
          "schema_version": 4,
          "attributes": {
            "access_tier": "Hot",
            "account_kind": "StorageV2",
            "account_replication_type": "LRS",
            "account_tier": "Standard",
            "allow_nested_items_to_be_public": true,
            "allowed_copy_scope": "",
            "azure_files_authentication": [],
            "blob_properties": [
              {
                "change_feed_enabled": false,
                "change_feed_retention_in_days": 0,
                "container_delete_retention_policy": [],
                "cors_rule": [],
                "default_service_version": "",
                "delete_retention_policy": [],
                "last_access_time_enabled": false,
                "restore_policy": [],
                "versioning_enabled": false
              }
            ],
            "cross_tenant_replication_enabled": false,
            "custom_domain": [],
            "customer_managed_key": [],
            "default_to_oauth_authentication": false,
            "dns_endpoint_type": "Standard",
            "edge_zone": "",
            "https_traffic_only_enabled": true,
            "id": "/subscriptions/4dc3faf0-d4bf-4d7c-9dfb-957fb6e4d45d/resourceGroups/Terraform-RG/providers/Microsoft.Storage/storageAccounts/terraformstrr",
            "identity": [],
            "immutability_policy": [],
            "infrastructure_encryption_enabled": false,
            "is_hns_enabled": false,
            "large_file_share_enabled": false,
            "local_user_enabled": true,
            "location": "centralindia",
            "min_tls_version": "TLS1_2",
            "name": "terraformstrr",
            "network_rules": [],
            "nfsv3_enabled": false,
            "primary_access_key": "XHyvXmd0C3nc4aCw/rrXzvY9BLAAjUxXQ/+nlKUue51hVVJnJV0nOyQAfl2kgh7X8wBZAXZsHxbN+AStLb4XDQ==",
            "primary_blob_connection_string": "DefaultEndpointsProtocol=https;BlobEndpoint=https://terraformstrr.blob.core.windows.net/;AccountName=terraformstrr;AccountKey=XHyvXmd0C3nc4aCw/rrXzvY9BLAAjUxXQ/+nlKUue51hVVJnJV0nOyQAfl2kgh7X8wBZAXZsHxbN+AStLb4XDQ==",
            "primary_blob_endpoint": "https://terraformstrr.blob.core.windows.net/",
            "primary_blob_host": "terraformstrr.blob.core.windows.net",
            "primary_blob_internet_endpoint": "",
            "primary_blob_internet_host": "",
            "primary_blob_microsoft_endpoint": "",
            "primary_blob_microsoft_host": "",
            "primary_connection_string": "DefaultEndpointsProtocol=https;AccountName=terraformstrr;AccountKey=XHyvXmd0C3nc4aCw/rrXzvY9BLAAjUxXQ/+nlKUue51hVVJnJV0nOyQAfl2kgh7X8wBZAXZsHxbN+AStLb4XDQ==;EndpointSuffix=core.windows.net",
            "primary_dfs_endpoint": "https://terraformstrr.dfs.core.windows.net/",
            "primary_dfs_host": "terraformstrr.dfs.core.windows.net",
            "primary_dfs_internet_endpoint": "",
            "primary_dfs_internet_host": "",
            "primary_dfs_microsoft_endpoint": "",
            "primary_dfs_microsoft_host": "",
            "primary_file_endpoint": "https://terraformstrr.file.core.windows.net/",
            "primary_file_host": "terraformstrr.file.core.windows.net",
            "primary_file_internet_endpoint": "",
            "primary_file_internet_host": "",
            "primary_file_microsoft_endpoint": "",
            "primary_file_microsoft_host": "",
            "primary_location": "centralindia",
            "primary_queue_endpoint": "https://terraformstrr.queue.core.windows.net/",
            "primary_queue_host": "terraformstrr.queue.core.windows.net",
            "primary_queue_microsoft_endpoint": "",
            "primary_queue_microsoft_host": "",
            "primary_table_endpoint": "https://terraformstrr.table.core.windows.net/",
            "primary_table_host": "terraformstrr.table.core.windows.net",
            "primary_table_microsoft_endpoint": "",
            "primary_table_microsoft_host": "",
            "primary_web_endpoint": "https://terraformstrr.z29.web.core.windows.net/",
            "primary_web_host": "terraformstrr.z29.web.core.windows.net",
            "primary_web_internet_endpoint": "",
            "primary_web_internet_host": "",
            "primary_web_microsoft_endpoint": "",
            "primary_web_microsoft_host": "",
            "public_network_access_enabled": true,
            "queue_encryption_key_type": "Service",
            "queue_properties": [
              {
                "cors_rule": [],
                "hour_metrics": [
                  {
                    "enabled": false,
                    "include_apis": false,
                    "retention_policy_days": 0,
                    "version": "1.0"
                  }
                ],
                "logging": [
                  {
                    "delete": false,
                    "read": false,
                    "retention_policy_days": 0,
                    "version": "1.0",
                    "write": false
                  }
                ],
                "minute_metrics": [
                  {
                    "enabled": false,
                    "include_apis": false,
                    "retention_policy_days": 0,
                    "version": "1.0"
                  }
                ]
              }
            ],
            "resource_group_name": "Terraform-RG",
            "routing": [],
            "sas_policy": [],
            "secondary_access_key": "Fazsj1ZvkuGzvc/yASty3q7K8HsgUJ4e4p0gYoMbwqL4puVvEBC/95QMnjwrrS66i9ljRebs72fr+ASt9TxUsA==",
            "secondary_blob_connection_string": "",
            "secondary_blob_endpoint": "",
            "secondary_blob_host": "",
            "secondary_blob_internet_endpoint": "",
            "secondary_blob_internet_host": "",
            "secondary_blob_microsoft_endpoint": "",
            "secondary_blob_microsoft_host": "",
            "secondary_connection_string": "DefaultEndpointsProtocol=https;AccountName=terraformstrr;AccountKey=Fazsj1ZvkuGzvc/yASty3q7K8HsgUJ4e4p0gYoMbwqL4puVvEBC/95QMnjwrrS66i9ljRebs72fr+ASt9TxUsA==;EndpointSuffix=core.windows.net",
            "secondary_dfs_endpoint": "",
            "secondary_dfs_host": "",
            "secondary_dfs_internet_endpoint": "",
            "secondary_dfs_internet_host": "",
            "secondary_dfs_microsoft_endpoint": "",
            "secondary_dfs_microsoft_host": "",
            "secondary_file_endpoint": "",
            "secondary_file_host": "",
            "secondary_file_internet_endpoint": "",
            "secondary_file_internet_host": "",
            "secondary_file_microsoft_endpoint": "",
            "secondary_file_microsoft_host": "",
            "secondary_location": "",
            "secondary_queue_endpoint": "",
            "secondary_queue_host": "",
            "secondary_queue_microsoft_endpoint": "",
            "secondary_queue_microsoft_host": "",
            "secondary_table_endpoint": "",
            "secondary_table_host": "",
            "secondary_table_microsoft_endpoint": "",
            "secondary_table_microsoft_host": "",
            "secondary_web_endpoint": "",
            "secondary_web_host": "",
            "secondary_web_internet_endpoint": "",
            "secondary_web_internet_host": "",
            "secondary_web_microsoft_endpoint": "",
            "secondary_web_microsoft_host": "",
            "sftp_enabled": false,
            "share_properties": [
              {
                "cors_rule": [],
                "retention_policy": [
                  {
                    "days": 7
                  }
                ],
                "smb": []
              }
            ],
            "shared_access_key_enabled": true,
            "static_website": [],
            "table_encryption_key_type": "Service",
            "tags": {
              "Environment": "Test",
              "Name": "Rahul",
              "Projet": "Terraform"
            },
            "timeouts": null
          },
          "sensitive_attributes": [
            [
              {
                "type": "get_attr",
                "value": "primary_access_key"
              }
            ],
            [
              {
                "type": "get_attr",
                "value": "primary_blob_connection_string"
              }
            ],
            [
              {
                "type": "get_attr",
                "value": "primary_connection_string"
              }
            ],
            [
              {
                "type": "get_attr",
                "value": "secondary_access_key"
              }
            ],
            [
              {
                "type": "get_attr",
                "value": "secondary_blob_connection_string"
              }
            ],
            [
              {
                "type": "get_attr",
                "value": "secondary_connection_string"
              }
            ]
          ],
          "identity_schema_version": 0,
          "private": "eyJlMmJmYjczMC1lY2FhLTExZTYtOGY4OC0zNDM2M2JjN2M0YzAiOnsiY3JlYXRlIjozNjAwMDAwMDAwMDAwLCJkZWxldGUiOjM2MDAwMDAwMDAwMDAsInJlYWQiOjMwMDAwMDAwMDAwMCwidXBkYXRlIjozNjAwMDAwMDAwMDAwfSwic2NoZW1hX3ZlcnNpb24iOiI0In0=",
          "dependencies": [
            "azurerm_resource_group.rgdetails"
          ]
        }
      ]
    },
    {
      "mode": "managed",
      "type": "azurerm_storage_blob",
      "name": "blobdetails",
      "provider": "provider[\"registry.terraform.io/hashicorp/azurerm\"]",
      "instances": [
        {
          "schema_version": 1,
          "attributes": {
            "access_tier": "Hot",
            "cache_control": "",
            "content_md5": "",
            "content_type": "application/octet-stream",
            "encryption_scope": "",
            "id": "https://terraformstrr.blob.core.windows.net/terraformrr/myblob",
            "metadata": {},
            "name": "myblob",
            "parallelism": 8,
            "size": 0,
            "source": "Test.txt",
            "source_content": null,
            "source_uri": null,
            "storage_account_name": "terraformstrr",
            "storage_container_name": "terraformrr",
            "timeouts": null,
            "type": "Block",
            "url": "https://terraformstrr.blob.core.windows.net/terraformrr/myblob"
          },
          "sensitive_attributes": [],
          "identity_schema_version": 0,
          "private": "eyJlMmJmYjczMC1lY2FhLTExZTYtOGY4OC0zNDM2M2JjN2M0YzAiOnsiY3JlYXRlIjoxODAwMDAwMDAwMDAwLCJkZWxldGUiOjE4MDAwMDAwMDAwMDAsInJlYWQiOjMwMDAwMDAwMDAwMCwidXBkYXRlIjoxODAwMDAwMDAwMDAwfSwic2NoZW1hX3ZlcnNpb24iOiIxIn0=",
          "dependencies": [
            "azurerm_resource_group.rgdetails",
            "azurerm_storage_account.storagedetails",
            "azurerm_storage_container.containerdetails"
          ]
        }
      ]
    },
    {
      "mode": "managed",
      "type": "azurerm_storage_container",
      "name": "containerdetails",
      "provider": "provider[\"registry.terraform.io/hashicorp/azurerm\"]",
      "instances": [
        {
          "schema_version": 1,
          "attributes": {
            "container_access_type": "blob",
            "default_encryption_scope": "$account-encryption-key",
            "encryption_scope_override_enabled": true,
            "has_immutability_policy": false,
            "has_legal_hold": false,
            "id": "/subscriptions/4dc3faf0-d4bf-4d7c-9dfb-957fb6e4d45d/resourceGroups/Terraform-RG/providers/Microsoft.Storage/storageAccounts/terraformstrr/blobServices/default/containers/terraformrr",
            "metadata": {},
            "name": "terraformrr",
            "resource_manager_id": "/subscriptions/4dc3faf0-d4bf-4d7c-9dfb-957fb6e4d45d/resourceGroups/Terraform-RG/providers/Microsoft.Storage/storageAccounts/terraformstrr/blobServices/default/containers/terraformrr",
            "storage_account_id": "/subscriptions/4dc3faf0-d4bf-4d7c-9dfb-957fb6e4d45d/resourceGroups/Terraform-RG/providers/Microsoft.Storage/storageAccounts/terraformstrr",
            "storage_account_name": "",
            "timeouts": null
          },
          "sensitive_attributes": [],
          "identity_schema_version": 0,
          "private": "eyJlMmJmYjczMC1lY2FhLTExZTYtOGY4OC0zNDM2M2JjN2M0YzAiOnsiY3JlYXRlIjoxODAwMDAwMDAwMDAwLCJkZWxldGUiOjE4MDAwMDAwMDAwMDAsInJlYWQiOjMwMDAwMDAwMDAwMCwidXBkYXRlIjoxODAwMDAwMDAwMDAwfSwic2NoZW1hX3ZlcnNpb24iOiIxIn0=",
          "dependencies": [
            "azurerm_resource_group.rgdetails",
            "azurerm_storage_account.storagedetails"
          ]
        }
      ]
    }
  ],
  "check_results": null
}
